
Microsoft Visual Studio Solution File, Format Version 12.00
# Visual Studio Version 17
VisualStudioVersion = 17.9.34723.18
MinimumVisualStudioVersion = 10.0.40219.1
Project("{9A19103F-16F7-4668-BE54-9A1E7A4F7556}") = "Yamir.Api", "Yamir.Api\Yamir.Api.csproj", "{1C0ECB3B-C89F-43A8-9EFF-E643578217DD}"
EndProject
Project("{2150E333-8FDC-42A3-9474-1A3956D46DE8}") = "source", "source", "{651B4A95-6319-4143-BEBC-812A00DA8B70}"
EndProject
Project("{2150E333-8FDC-42A3-9474-1A3956D46DE8}") = "Presentation", "Presentation", "{647033A8-8397-40CF-85CF-131778E65F7E}"
EndProject
Project("{2150E333-8FDC-42A3-9474-1A3956D46DE8}") = "Data", "Data", "{23A41029-B004-4169-B55B-A63C33F42240}"
EndProject
Project("{2150E333-8FDC-42A3-9474-1A3956D46DE8}") = "Domain", "Domain", "{EC5BCAB5-9DE5-44C5-8200-C05FFE6A989C}"
EndProject
Project("{2150E333-8FDC-42A3-9474-1A3956D46DE8}") = "Infrastrucutre", "Infrastrucutre", "{22E88CB7-0B45-4403-8B8E-04008BDA9D35}"
EndProject
Project("{2150E333-8FDC-42A3-9474-1A3956D46DE8}") = "Shared", "Shared", "{B7BE7684-59C5-44ED-8870-958C398CCABF}"
EndProject
Project("{9A19103F-16F7-4668-BE54-9A1E7A4F7556}") = "Yamir.Data", "Yamir.Data\Yamir.Data.csproj", "{25F14012-099E-4ED1-B679-564087DD03B2}"
EndProject
Project("{9A19103F-16F7-4668-BE54-9A1E7A4F7556}") = "Yamir.Handling", "Yamir.Handling\Yamir.Handling.csproj", "{2F17515D-C46D-410A-A5DC-33550BA259F5}"
EndProject
Project("{9A19103F-16F7-4668-BE54-9A1E7A4F7556}") = "Yamir.Shared", "Yamir.Shared\Yamir.Shared.csproj", "{AD0E7242-4111-4473-A3C0-0A6E36348C7F}"
EndProject
Project("{9A19103F-16F7-4668-BE54-9A1E7A4F7556}") = "Yamir.Transfer", "Yamir.Transfer\Yamir.Transfer.csproj", "{C93D064F-CE74-4500-878F-287CABE6ADE9}"
EndProject
Project("{9A19103F-16F7-4668-BE54-9A1E7A4F7556}") = "Yamir.Infrastructure", "Yamir.Infrastructure\Yamir.Infrastructure.csproj", "{408808FC-60AE-45FB-A215-3C20ABF16809}"
EndProject
Global
	GlobalSection(SolutionConfigurationPlatforms) = preSolution
		Debug|Any CPU = Debug|Any CPU
		Release|Any CPU = Release|Any CPU
	EndGlobalSection
	GlobalSection(ProjectConfigurationPlatforms) = postSolution
		{1C0ECB3B-C89F-43A8-9EFF-E643578217DD}.Debug|Any CPU.ActiveCfg = Debug|Any CPU
		{1C0ECB3B-C89F-43A8-9EFF-E643578217DD}.Debug|Any CPU.Build.0 = Debug|Any CPU
		{1C0ECB3B-C89F-43A8-9EFF-E643578217DD}.Release|Any CPU.ActiveCfg = Release|Any CPU
		{1C0ECB3B-C89F-43A8-9EFF-E643578217DD}.Release|Any CPU.Build.0 = Release|Any CPU
		{25F14012-099E-4ED1-B679-564087DD03B2}.Debug|Any CPU.ActiveCfg = Debug|Any CPU
		{25F14012-099E-4ED1-B679-564087DD03B2}.Debug|Any CPU.Build.0 = Debug|Any CPU
		{25F14012-099E-4ED1-B679-564087DD03B2}.Release|Any CPU.ActiveCfg = Release|Any CPU
		{25F14012-099E-4ED1-B679-564087DD03B2}.Release|Any CPU.Build.0 = Release|Any CPU
		{2F17515D-C46D-410A-A5DC-33550BA259F5}.Debug|Any CPU.ActiveCfg = Debug|Any CPU
		{2F17515D-C46D-410A-A5DC-33550BA259F5}.Debug|Any CPU.Build.0 = Debug|Any CPU
		{2F17515D-C46D-410A-A5DC-33550BA259F5}.Release|Any CPU.ActiveCfg = Release|Any CPU
		{2F17515D-C46D-410A-A5DC-33550BA259F5}.Release|Any CPU.Build.0 = Release|Any CPU
		{AD0E7242-4111-4473-A3C0-0A6E36348C7F}.Debug|Any CPU.ActiveCfg = Debug|Any CPU
		{AD0E7242-4111-4473-A3C0-0A6E36348C7F}.Debug|Any CPU.Build.0 = Debug|Any CPU
		{AD0E7242-4111-4473-A3C0-0A6E36348C7F}.Release|Any CPU.ActiveCfg = Release|Any CPU
		{AD0E7242-4111-4473-A3C0-0A6E36348C7F}.Release|Any CPU.Build.0 = Release|Any CPU
		{C93D064F-CE74-4500-878F-287CABE6ADE9}.Debug|Any CPU.ActiveCfg = Debug|Any CPU
		{C93D064F-CE74-4500-878F-287CABE6ADE9}.Debug|Any CPU.Build.0 = Debug|Any CPU
		{C93D064F-CE74-4500-878F-287CABE6ADE9}.Release|Any CPU.ActiveCfg = Release|Any CPU
		{C93D064F-CE74-4500-878F-287CABE6ADE9}.Release|Any CPU.Build.0 = Release|Any CPU
		{408808FC-60AE-45FB-A215-3C20ABF16809}.Debug|Any CPU.ActiveCfg = Debug|Any CPU
		{408808FC-60AE-45FB-A215-3C20ABF16809}.Debug|Any CPU.Build.0 = Debug|Any CPU
		{408808FC-60AE-45FB-A215-3C20ABF16809}.Release|Any CPU.ActiveCfg = Release|Any CPU
		{408808FC-60AE-45FB-A215-3C20ABF16809}.Release|Any CPU.Build.0 = Release|Any CPU
	EndGlobalSection
	GlobalSection(SolutionProperties) = preSolution
		HideSolutionNode = FALSE
	EndGlobalSection
	GlobalSection(NestedProjects) = preSolution
		{1C0ECB3B-C89F-43A8-9EFF-E643578217DD} = {647033A8-8397-40CF-85CF-131778E65F7E}
		{647033A8-8397-40CF-85CF-131778E65F7E} = {651B4A95-6319-4143-BEBC-812A00DA8B70}
		{23A41029-B004-4169-B55B-A63C33F42240} = {651B4A95-6319-4143-BEBC-812A00DA8B70}
		{EC5BCAB5-9DE5-44C5-8200-C05FFE6A989C} = {651B4A95-6319-4143-BEBC-812A00DA8B70}
		{22E88CB7-0B45-4403-8B8E-04008BDA9D35} = {651B4A95-6319-4143-BEBC-812A00DA8B70}
		{B7BE7684-59C5-44ED-8870-958C398CCABF} = {651B4A95-6319-4143-BEBC-812A00DA8B70}
		{25F14012-099E-4ED1-B679-564087DD03B2} = {23A41029-B004-4169-B55B-A63C33F42240}
		{2F17515D-C46D-410A-A5DC-33550BA259F5} = {EC5BCAB5-9DE5-44C5-8200-C05FFE6A989C}
		{AD0E7242-4111-4473-A3C0-0A6E36348C7F} = {B7BE7684-59C5-44ED-8870-958C398CCABF}
		{C93D064F-CE74-4500-878F-287CABE6ADE9} = {B7BE7684-59C5-44ED-8870-958C398CCABF}
		{408808FC-60AE-45FB-A215-3C20ABF16809} = {22E88CB7-0B45-4403-8B8E-04008BDA9D35}
	EndGlobalSection
	GlobalSection(ExtensibilityGlobals) = postSolution
		SolutionGuid = {7E94F75A-CB68-4ADC-9CD6-DA73B6D1D7C1}
	EndGlobalSection
EndGlobal
